
Microsoft Visual Studio Solution File, Format Version 12.00
# Visual Studio Version 17
VisualStudioVersion = 17.12.35527.113 d17.12
MinimumVisualStudioVersion = 10.0.40219.1
Project("{FAE04EC0-301F-11D3-BF4B-00C04F79EFBC}") = "ForHerhaling", "ForHerhaling.csproj", "{276C79A7-8564-4F06-9C59-09F439FDD8EE}"
EndProject
Global
	GlobalSection(SolutionConfigurationPlatforms) = preSolution
		Debug|Any CPU = Debug|Any CPU
		Release|Any CPU = Release|Any CPU
	EndGlobalSection
	GlobalSection(ProjectConfigurationPlatforms) = postSolution
		{276C79A7-8564-4F06-9C59-09F439FDD8EE}.Debug|Any CPU.ActiveCfg = Debug|Any CPU
		{276C79A7-8564-4F06-9C59-09F439FDD8EE}.Debug|Any CPU.Build.0 = Debug|Any CPU
		{276C79A7-8564-4F06-9C59-09F439FDD8EE}.Release|Any CPU.ActiveCfg = Release|Any CPU
		{276C79A7-8564-4F06-9C59-09F439FDD8EE}.Release|Any CPU.Build.0 = Release|Any CPU
	EndGlobalSection
	GlobalSection(SolutionProperties) = preSolution
		HideSolutionNode = FALSE
	EndGlobalSection
EndGlobal
